
Microsoft Visual Studio Solution File, Format Version 12.00
# Visual Studio Version 16
VisualStudioVersion = 16.0.29215.179
MinimumVisualStudioVersion = 10.0.40219.1
Project("{FAE04EC0-301F-11D3-BF4B-00C04F79EFBC}") = "Tugas4", "Tugas4\Tugas4.csproj", "{7CAF47C9-37B3-4267-ACC7-7C96D18A11A9}"
EndProject
Global
	GlobalSection(SolutionConfigurationPlatforms) = preSolution
		Debug|Any CPU = Debug|Any CPU
		Release|Any CPU = Release|Any CPU
	EndGlobalSection
	GlobalSection(ProjectConfigurationPlatforms) = postSolution
		{7CAF47C9-37B3-4267-ACC7-7C96D18A11A9}.Debug|Any CPU.ActiveCfg = Debug|Any CPU
		{7CAF47C9-37B3-4267-ACC7-7C96D18A11A9}.Debug|Any CPU.Build.0 = Debug|Any CPU
		{7CAF47C9-37B3-4267-ACC7-7C96D18A11A9}.Release|Any CPU.ActiveCfg = Release|Any CPU
		{7CAF47C9-37B3-4267-ACC7-7C96D18A11A9}.Release|Any CPU.Build.0 = Release|Any CPU
	EndGlobalSection
	GlobalSection(SolutionProperties) = preSolution
		HideSolutionNode = FALSE
	EndGlobalSection
	GlobalSection(ExtensibilityGlobals) = postSolution
		SolutionGuid = {371E8C58-9590-4967-B809-B301589B9DF2}
	EndGlobalSection
EndGlobal
