
Microsoft Visual Studio Solution File, Format Version 12.00
# Visual Studio Version 16
VisualStudioVersion = 16.0.29215.179
MinimumVisualStudioVersion = 10.0.40219.1
Project("{FAE04EC0-301F-11D3-BF4B-00C04F79EFBC}") = "Tugas1", "Tugas1\Tugas1.csproj", "{C48FA465-1ACB-4506-A379-93B5E7C347ED}"
EndProject
Global
	GlobalSection(SolutionConfigurationPlatforms) = preSolution
		Debug|Any CPU = Debug|Any CPU
		Release|Any CPU = Release|Any CPU
	EndGlobalSection
	GlobalSection(ProjectConfigurationPlatforms) = postSolution
		{C48FA465-1ACB-4506-A379-93B5E7C347ED}.Debug|Any CPU.ActiveCfg = Debug|Any CPU
		{C48FA465-1ACB-4506-A379-93B5E7C347ED}.Debug|Any CPU.Build.0 = Debug|Any CPU
		{C48FA465-1ACB-4506-A379-93B5E7C347ED}.Release|Any CPU.ActiveCfg = Release|Any CPU
		{C48FA465-1ACB-4506-A379-93B5E7C347ED}.Release|Any CPU.Build.0 = Release|Any CPU
	EndGlobalSection
	GlobalSection(SolutionProperties) = preSolution
		HideSolutionNode = FALSE
	EndGlobalSection
	GlobalSection(ExtensibilityGlobals) = postSolution
		SolutionGuid = {C9F9E276-6552-4F46-BDED-A6FF68FB99DE}
	EndGlobalSection
EndGlobal
